
Microsoft Visual Studio Solution File, Format Version 11.00
# Visual Studio 2010
Project("{2150E333-8FDC-42A3-9474-1A3956D46DE8}") = "DomainModel", "DomainModel", "{A95EBA5A-B93F-4BA6-9C8D-6FB340F84D73}"
EndProject
Project("{2150E333-8FDC-42A3-9474-1A3956D46DE8}") = "WindowsForms", "WindowsForms", "{9E864781-73FA-416F-86EF-174278B04234}"
EndProject
Project("{2150E333-8FDC-42A3-9474-1A3956D46DE8}") = "ORM", "ORM", "{6D31A929-0419-4D87-A7C5-548255C1A00B}"
EndProject
Project("{2150E333-8FDC-42A3-9474-1A3956D46DE8}") = "IoC", "IoC", "{CDB12899-F419-4808-97DC-8F8A2A187BD2}"
EndProject
Project("{2150E333-8FDC-42A3-9474-1A3956D46DE8}") = "Shared", "Shared", "{5E4083F4-11F2-4A2C-AD0E-675F5F4F15F1}"
EndProject
Project("{FAE04EC0-301F-11D3-BF4B-00C04F79EFBC}") = "AD.Windows.Forms.Controls", "AD.Windows.Forms.Controls\AD.Windows.Forms.Controls.csproj", "{62D9A9DA-ECCF-4B62-A3B3-225F75326317}"
EndProject
Project("{FAE04EC0-301F-11D3-BF4B-00C04F79EFBC}") = "ControlsTestBench", "ControlsTestBench\ControlsTestBench.csproj", "{2BC0B85B-2425-4FCF-91CC-57BB0D585D75}"
EndProject
Project("{FAE04EC0-301F-11D3-BF4B-00C04F79EFBC}") = "AD.DomainModel", "AD.DomainModel\AD.DomainModel.csproj", "{C5A6AF13-61A0-4588-95BC-4BD3C93EAA58}"
EndProject
Project("{FAE04EC0-301F-11D3-BF4B-00C04F79EFBC}") = "AD.ORM.NHibernate", "AD.ORM.NHibernate\AD.ORM.NHibernate.csproj", "{5EC60C5B-CA4C-42BC-8A53-7E95B06E90E3}"
EndProject
Project("{FAE04EC0-301F-11D3-BF4B-00C04F79EFBC}") = "AD.Shared", "AD.Shared\AD.Shared.csproj", "{DBC2F041-58B5-4C01-8FE6-7AC5CD456DD8}"
EndProject
Project("{FAE04EC0-301F-11D3-BF4B-00C04F79EFBC}") = "AD.DomainModel.Tests", "AD.DomainModel.Tests\AD.DomainModel.Tests.csproj", "{35B7E196-0B14-4E02-90A3-4BE9E78423A6}"
EndProject
Project("{FAE04EC0-301F-11D3-BF4B-00C04F79EFBC}") = "AD.ORM.NHibernate.Tests", "AD.ORM.NHibernate.Tests\AD.ORM.NHibernate.Tests.csproj", "{7AF4D8E3-E6EF-4B76-8B1C-32726FC4F946}"
EndProject
Project("{FAE04EC0-301F-11D3-BF4B-00C04F79EFBC}") = "AD.Shared.Tests", "AD.Shared.Tests\AD.Shared.Tests.csproj", "{5F976220-FF55-4BEC-8557-72539D4DE1E4}"
EndProject
Project("{FAE04EC0-301F-11D3-BF4B-00C04F79EFBC}") = "AD.IoC.Windsor", "AD.IoC.Windsor\AD.IoC.Windsor.csproj", "{FE8EEB66-E560-4B1B-ADC3-63686D01A512}"
EndProject
Project("{FAE04EC0-301F-11D3-BF4B-00C04F79EFBC}") = "AD.IoC.Unity", "AD.IoC.Unity\AD.IoC.Unity.csproj", "{646C6A1D-063F-4ECA-8BAB-AED994F5AEF0}"
EndProject
Project("{FAE04EC0-301F-11D3-BF4B-00C04F79EFBC}") = "AD.Windows.Forms", "AD.Windows.Forms\AD.Windows.Forms.csproj", "{D93F1D80-02D3-4C50-8F90-B75F6B72F15D}"
EndProject
Project("{FAE04EC0-301F-11D3-BF4B-00C04F79EFBC}") = "AD.ORM.EntityFramework", "AD.ORM.EntityFramework\AD.ORM.EntityFramework.csproj", "{7B2F9019-B38C-470C-947E-D370332CB5DE}"
EndProject
Project("{2150E333-8FDC-42A3-9474-1A3956D46DE8}") = "ObjectMapping", "ObjectMapping", "{27BF735F-CC4D-483B-A4BD-868766E62C76}"
EndProject
Project("{FAE04EC0-301F-11D3-BF4B-00C04F79EFBC}") = "AD.ObjectMapping.AutoMapper", "AD.AutoMapper\AD.ObjectMapping.AutoMapper.csproj", "{BBE36A1C-3CCB-464C-9DAE-D5BA0DC51B5E}"
EndProject
Project("{2150E333-8FDC-42A3-9474-1A3956D46DE8}") = "Math", "Math", "{E1170F2A-6C16-4029-93D1-C4F42B9887F5}"
EndProject
Project("{FAE04EC0-301F-11D3-BF4B-00C04F79EFBC}") = "AD.Math", "AD.Math\AD.Math.csproj", "{CD5D3300-0DB7-47FB-A94F-E515318956E1}"
EndProject
Global
	GlobalSection(SolutionConfigurationPlatforms) = preSolution
		Debug|Any CPU = Debug|Any CPU
		Release|Any CPU = Release|Any CPU
	EndGlobalSection
	GlobalSection(ProjectConfigurationPlatforms) = postSolution
		{62D9A9DA-ECCF-4B62-A3B3-225F75326317}.Debug|Any CPU.ActiveCfg = Debug|Any CPU
		{62D9A9DA-ECCF-4B62-A3B3-225F75326317}.Debug|Any CPU.Build.0 = Debug|Any CPU
		{62D9A9DA-ECCF-4B62-A3B3-225F75326317}.Release|Any CPU.ActiveCfg = Release|Any CPU
		{62D9A9DA-ECCF-4B62-A3B3-225F75326317}.Release|Any CPU.Build.0 = Release|Any CPU
		{2BC0B85B-2425-4FCF-91CC-57BB0D585D75}.Debug|Any CPU.ActiveCfg = Debug|Any CPU
		{2BC0B85B-2425-4FCF-91CC-57BB0D585D75}.Debug|Any CPU.Build.0 = Debug|Any CPU
		{2BC0B85B-2425-4FCF-91CC-57BB0D585D75}.Release|Any CPU.ActiveCfg = Release|Any CPU
		{2BC0B85B-2425-4FCF-91CC-57BB0D585D75}.Release|Any CPU.Build.0 = Release|Any CPU
		{C5A6AF13-61A0-4588-95BC-4BD3C93EAA58}.Debug|Any CPU.ActiveCfg = Debug|Any CPU
		{C5A6AF13-61A0-4588-95BC-4BD3C93EAA58}.Debug|Any CPU.Build.0 = Debug|Any CPU
		{C5A6AF13-61A0-4588-95BC-4BD3C93EAA58}.Release|Any CPU.ActiveCfg = Release|Any CPU
		{C5A6AF13-61A0-4588-95BC-4BD3C93EAA58}.Release|Any CPU.Build.0 = Release|Any CPU
		{5EC60C5B-CA4C-42BC-8A53-7E95B06E90E3}.Debug|Any CPU.ActiveCfg = Debug|Any CPU
		{5EC60C5B-CA4C-42BC-8A53-7E95B06E90E3}.Debug|Any CPU.Build.0 = Debug|Any CPU
		{5EC60C5B-CA4C-42BC-8A53-7E95B06E90E3}.Release|Any CPU.ActiveCfg = Release|Any CPU
		{5EC60C5B-CA4C-42BC-8A53-7E95B06E90E3}.Release|Any CPU.Build.0 = Release|Any CPU
		{DBC2F041-58B5-4C01-8FE6-7AC5CD456DD8}.Debug|Any CPU.ActiveCfg = Debug|Any CPU
		{DBC2F041-58B5-4C01-8FE6-7AC5CD456DD8}.Debug|Any CPU.Build.0 = Debug|Any CPU
		{DBC2F041-58B5-4C01-8FE6-7AC5CD456DD8}.Release|Any CPU.ActiveCfg = Release|Any CPU
		{DBC2F041-58B5-4C01-8FE6-7AC5CD456DD8}.Release|Any CPU.Build.0 = Release|Any CPU
		{35B7E196-0B14-4E02-90A3-4BE9E78423A6}.Debug|Any CPU.ActiveCfg = Debug|Any CPU
		{35B7E196-0B14-4E02-90A3-4BE9E78423A6}.Debug|Any CPU.Build.0 = Debug|Any CPU
		{35B7E196-0B14-4E02-90A3-4BE9E78423A6}.Release|Any CPU.ActiveCfg = Release|Any CPU
		{35B7E196-0B14-4E02-90A3-4BE9E78423A6}.Release|Any CPU.Build.0 = Release|Any CPU
		{7AF4D8E3-E6EF-4B76-8B1C-32726FC4F946}.Debug|Any CPU.ActiveCfg = Debug|Any CPU
		{7AF4D8E3-E6EF-4B76-8B1C-32726FC4F946}.Debug|Any CPU.Build.0 = Debug|Any CPU
		{7AF4D8E3-E6EF-4B76-8B1C-32726FC4F946}.Release|Any CPU.ActiveCfg = Release|Any CPU
		{7AF4D8E3-E6EF-4B76-8B1C-32726FC4F946}.Release|Any CPU.Build.0 = Release|Any CPU
		{5F976220-FF55-4BEC-8557-72539D4DE1E4}.Debug|Any CPU.ActiveCfg = Debug|Any CPU
		{5F976220-FF55-4BEC-8557-72539D4DE1E4}.Debug|Any CPU.Build.0 = Debug|Any CPU
		{5F976220-FF55-4BEC-8557-72539D4DE1E4}.Release|Any CPU.ActiveCfg = Release|Any CPU
		{5F976220-FF55-4BEC-8557-72539D4DE1E4}.Release|Any CPU.Build.0 = Release|Any CPU
		{FE8EEB66-E560-4B1B-ADC3-63686D01A512}.Debug|Any CPU.ActiveCfg = Debug|Any CPU
		{FE8EEB66-E560-4B1B-ADC3-63686D01A512}.Debug|Any CPU.Build.0 = Debug|Any CPU
		{FE8EEB66-E560-4B1B-ADC3-63686D01A512}.Release|Any CPU.ActiveCfg = Release|Any CPU
		{FE8EEB66-E560-4B1B-ADC3-63686D01A512}.Release|Any CPU.Build.0 = Release|Any CPU
		{646C6A1D-063F-4ECA-8BAB-AED994F5AEF0}.Debug|Any CPU.ActiveCfg = Debug|Any CPU
		{646C6A1D-063F-4ECA-8BAB-AED994F5AEF0}.Debug|Any CPU.Build.0 = Debug|Any CPU
		{646C6A1D-063F-4ECA-8BAB-AED994F5AEF0}.Release|Any CPU.ActiveCfg = Release|Any CPU
		{646C6A1D-063F-4ECA-8BAB-AED994F5AEF0}.Release|Any CPU.Build.0 = Release|Any CPU
		{D93F1D80-02D3-4C50-8F90-B75F6B72F15D}.Debug|Any CPU.ActiveCfg = Debug|Any CPU
		{D93F1D80-02D3-4C50-8F90-B75F6B72F15D}.Debug|Any CPU.Build.0 = Debug|Any CPU
		{D93F1D80-02D3-4C50-8F90-B75F6B72F15D}.Release|Any CPU.ActiveCfg = Release|Any CPU
		{D93F1D80-02D3-4C50-8F90-B75F6B72F15D}.Release|Any CPU.Build.0 = Release|Any CPU
		{7B2F9019-B38C-470C-947E-D370332CB5DE}.Debug|Any CPU.ActiveCfg = Debug|Any CPU
		{7B2F9019-B38C-470C-947E-D370332CB5DE}.Debug|Any CPU.Build.0 = Debug|Any CPU
		{7B2F9019-B38C-470C-947E-D370332CB5DE}.Release|Any CPU.ActiveCfg = Release|Any CPU
		{7B2F9019-B38C-470C-947E-D370332CB5DE}.Release|Any CPU.Build.0 = Release|Any CPU
		{BBE36A1C-3CCB-464C-9DAE-D5BA0DC51B5E}.Debug|Any CPU.ActiveCfg = Debug|Any CPU
		{BBE36A1C-3CCB-464C-9DAE-D5BA0DC51B5E}.Debug|Any CPU.Build.0 = Debug|Any CPU
		{BBE36A1C-3CCB-464C-9DAE-D5BA0DC51B5E}.Release|Any CPU.ActiveCfg = Release|Any CPU
		{BBE36A1C-3CCB-464C-9DAE-D5BA0DC51B5E}.Release|Any CPU.Build.0 = Release|Any CPU
		{CD5D3300-0DB7-47FB-A94F-E515318956E1}.Debug|Any CPU.ActiveCfg = Debug|Any CPU
		{CD5D3300-0DB7-47FB-A94F-E515318956E1}.Debug|Any CPU.Build.0 = Debug|Any CPU
		{CD5D3300-0DB7-47FB-A94F-E515318956E1}.Release|Any CPU.ActiveCfg = Release|Any CPU
		{CD5D3300-0DB7-47FB-A94F-E515318956E1}.Release|Any CPU.Build.0 = Release|Any CPU
	EndGlobalSection
	GlobalSection(SolutionProperties) = preSolution
		HideSolutionNode = FALSE
	EndGlobalSection
	GlobalSection(NestedProjects) = preSolution
		{C5A6AF13-61A0-4588-95BC-4BD3C93EAA58} = {A95EBA5A-B93F-4BA6-9C8D-6FB340F84D73}
		{35B7E196-0B14-4E02-90A3-4BE9E78423A6} = {A95EBA5A-B93F-4BA6-9C8D-6FB340F84D73}
		{62D9A9DA-ECCF-4B62-A3B3-225F75326317} = {9E864781-73FA-416F-86EF-174278B04234}
		{D93F1D80-02D3-4C50-8F90-B75F6B72F15D} = {9E864781-73FA-416F-86EF-174278B04234}
		{5EC60C5B-CA4C-42BC-8A53-7E95B06E90E3} = {6D31A929-0419-4D87-A7C5-548255C1A00B}
		{7AF4D8E3-E6EF-4B76-8B1C-32726FC4F946} = {6D31A929-0419-4D87-A7C5-548255C1A00B}
		{7B2F9019-B38C-470C-947E-D370332CB5DE} = {6D31A929-0419-4D87-A7C5-548255C1A00B}
		{FE8EEB66-E560-4B1B-ADC3-63686D01A512} = {CDB12899-F419-4808-97DC-8F8A2A187BD2}
		{646C6A1D-063F-4ECA-8BAB-AED994F5AEF0} = {CDB12899-F419-4808-97DC-8F8A2A187BD2}
		{DBC2F041-58B5-4C01-8FE6-7AC5CD456DD8} = {5E4083F4-11F2-4A2C-AD0E-675F5F4F15F1}
		{5F976220-FF55-4BEC-8557-72539D4DE1E4} = {5E4083F4-11F2-4A2C-AD0E-675F5F4F15F1}
		{BBE36A1C-3CCB-464C-9DAE-D5BA0DC51B5E} = {27BF735F-CC4D-483B-A4BD-868766E62C76}
		{CD5D3300-0DB7-47FB-A94F-E515318956E1} = {E1170F2A-6C16-4029-93D1-C4F42B9887F5}
	EndGlobalSection
	GlobalSection(ExtensibilityGlobals) = postSolution
		EnterpriseLibraryConfigurationToolBinariesPath = Libs\Unity.2.1.505.0\lib\NET35
	EndGlobalSection
EndGlobal
